// !$*UTF8*$!
{
	archiveVersion = 1;
	classes = {
	};
	objectVersion = 46;
	objects = {

/* Begin PBXBuildFile section */
		3A5A9BCB19DD2CD900B228CC /* JSONKit.m in Sources */ = {isa = PBXBuildFile; fileRef = 3A5A9BCA19DD2CD900B228CC /* JSONKit.m */; };
		3A9CF6E21A1B32BF00CF7D80 /* UMSocialLocalizable.strings in Resources */ = {isa = PBXBuildFile; fileRef = 3A9CF6BC1A1B32BF00CF7D80 /* UMSocialLocalizable.strings */; };
		3A9CF6E31A1B32BF00CF7D80 /* libUMSocial_Sdk_4.2.a in Frameworks */ = {isa = PBXBuildFile; fileRef = 3A9CF6CA1A1B32BF00CF7D80 /* libUMSocial_Sdk_4.2.a */; };
		3A9CF6E41A1B32BF00CF7D80 /* UMSCommentDetailController.xib in Resources */ = {isa = PBXBuildFile; fileRef = 3A9CF6CC1A1B32BF00CF7D80 /* UMSCommentDetailController.xib */; };
		3A9CF6E51A1B32BF00CF7D80 /* UMSCommentInputController.xib in Resources */ = {isa = PBXBuildFile; fileRef = 3A9CF6CD1A1B32BF00CF7D80 /* UMSCommentInputController.xib */; };
		3A9CF6E61A1B32BF00CF7D80 /* UMSCommentInputControlleriPad.xib in Resources */ = {isa = PBXBuildFile; fileRef = 3A9CF6CE1A1B32BF00CF7D80 /* UMSCommentInputControlleriPad.xib */; };
		3A9CF6E71A1B32BF00CF7D80 /* UMShareEditViewController.xib in Resources */ = {isa = PBXBuildFile; fileRef = 3A9CF6CF1A1B32BF00CF7D80 /* UMShareEditViewController.xib */; };
		3A9CF6E81A1B32BF00CF7D80 /* UMShareEditViewControlleriPad.xib in Resources */ = {isa = PBXBuildFile; fileRef = 3A9CF6D01A1B32BF00CF7D80 /* UMShareEditViewControlleriPad.xib */; };
		3A9CF6E91A1B32BF00CF7D80 /* UMSLoginViewController.xib in Resources */ = {isa = PBXBuildFile; fileRef = 3A9CF6D11A1B32BF00CF7D80 /* UMSLoginViewController.xib */; };
		3A9CF6EA1A1B32BF00CF7D80 /* UMSnsAccountViewController.xib in Resources */ = {isa = PBXBuildFile; fileRef = 3A9CF6D21A1B32BF00CF7D80 /* UMSnsAccountViewController.xib */; };
		3A9CF6EB1A1B32BF00CF7D80 /* UMSShareListController.xib in Resources */ = {isa = PBXBuildFile; fileRef = 3A9CF6D31A1B32BF00CF7D80 /* UMSShareListController.xib */; };
		3A9CF6EC1A1B32BF00CF7D80 /* UMSocialSDKResourcesNew.bundle in Resources */ = {isa = PBXBuildFile; fileRef = 3A9CF6D41A1B32BF00CF7D80 /* UMSocialSDKResourcesNew.bundle */; };
		3A9CF6EF1A1B32BF00CF7D80 /* TencentOpenApi_IOS_Bundle.bundle in Resources */ = {isa = PBXBuildFile; fileRef = 3A9CF6DA1A1B32BF00CF7D80 /* TencentOpenApi_IOS_Bundle.bundle */; };
		3A9CF6F01A1B32BF00CF7D80 /* libSocialWechat.a in Frameworks */ = {isa = PBXBuildFile; fileRef = 3A9CF6DD1A1B32BF00CF7D80 /* libSocialWechat.a */; };
		3A9CF6F11A1B32BF00CF7D80 /* libWeChatSDK.a in Frameworks */ = {isa = PBXBuildFile; fileRef = 3A9CF6DE1A1B32BF00CF7D80 /* libWeChatSDK.a */; };
		3AD0475B1A19F8E20077AA81 /* Security.framework in Frameworks */ = {isa = PBXBuildFile; fileRef = 3AD0475A1A19F8E20077AA81 /* Security.framework */; };
		3AD0475D1A19F8F30077AA81 /* libiconv.dylib in Frameworks */ = {isa = PBXBuildFile; fileRef = 3AD0475C1A19F8F30077AA81 /* libiconv.dylib */; };
		3AD0475F1A19F8FE0077AA81 /* SystemConfiguration.framework in Frameworks */ = {isa = PBXBuildFile; fileRef = 3AD0475E1A19F8FE0077AA81 /* SystemConfiguration.framework */; };
		3AD047611A19F90F0077AA81 /* libsqlite3.0.dylib in Frameworks */ = {isa = PBXBuildFile; fileRef = 3AD047601A19F90F0077AA81 /* libsqlite3.0.dylib */; };
		3AD047631A19F9160077AA81 /* CoreTelephony.framework in Frameworks */ = {isa = PBXBuildFile; fileRef = 3AD047621A19F9160077AA81 /* CoreTelephony.framework */; };
		3AD047651A19F91E0077AA81 /* libstdc++.dylib in Frameworks */ = {isa = PBXBuildFile; fileRef = 3AD047641A19F91E0077AA81 /* libstdc++.dylib */; };
		3AD047671A19F9240077AA81 /* libz.dylib in Frameworks */ = {isa = PBXBuildFile; fileRef = 3AD047661A19F9240077AA81 /* libz.dylib */; };
		3C70DD7E179C2C6900BDFCEC /* CoreGraphics.framework in Frameworks */ = {isa = PBXBuildFile; fileRef = 3C70DD7C179C2C5D00BDFCEC /* CoreGraphics.framework */; };
		3C70DD7F179C2C6900BDFCEC /* UIKit.framework in Frameworks */ = {isa = PBXBuildFile; fileRef = 3C70DD7A179C2C5700BDFCEC /* UIKit.framework */; };
		3C70DD80179C2C6900BDFCEC /* CoreLocation.framework in Frameworks */ = {isa = PBXBuildFile; fileRef = 3C70DD78179C2C5100BDFCEC /* CoreLocation.framework */; };
		3C70DD81179C2C6900BDFCEC /* MapKit.framework in Frameworks */ = {isa = PBXBuildFile; fileRef = 3C70DD76179C2C4900BDFCEC /* MapKit.framework */; };
		3C70DD82179C2C6900BDFCEC /* MessageUI.framework in Frameworks */ = {isa = PBXBuildFile; fileRef = 3C70DD74179C2C4100BDFCEC /* MessageUI.framework */; };
		3C7AE6091797E4E10073E93E /* UMSocial.m in Sources */ = {isa = PBXBuildFile; fileRef = 3C7AE6081797E4E10073E93E /* UMSocial.m */; };
		3C7AE6591797EA9A0073E93E /* SocialControler.m in Sources */ = {isa = PBXBuildFile; fileRef = 3C7AE6571797EA9A0073E93E /* SocialControler.m */; };
		3C8A044818D01002003AB72C /* Login.m in Sources */ = {isa = PBXBuildFile; fileRef = 3C8A044718D01002003AB72C /* Login.m */; };
		3CF888E2179C2D5D008E4250 /* UMSCommentDetailController.nib in Copy Files */ = {isa = PBXBuildFile; fileRef = 3CF888D7179C2D5D008E4250 /* UMSCommentDetailController.nib */; settings = {ATTRIBUTES = (CodeSignOnCopy, ); }; };
		3CF888E3179C2D5D008E4250 /* UMSCommentInputController.nib in Copy Files */ = {isa = PBXBuildFile; fileRef = 3CF888D8179C2D5D008E4250 /* UMSCommentInputController.nib */; settings = {ATTRIBUTES = (CodeSignOnCopy, ); }; };
		3CF888E4179C2D5D008E4250 /* UMSCommentInputControlleriPad.nib in Copy Files */ = {isa = PBXBuildFile; fileRef = 3CF888D9179C2D5D008E4250 /* UMSCommentInputControlleriPad.nib */; settings = {ATTRIBUTES = (CodeSignOnCopy, ); }; };
		3CF888E5179C2D5D008E4250 /* UMShareEditViewController.nib in Copy Files */ = {isa = PBXBuildFile; fileRef = 3CF888DA179C2D5D008E4250 /* UMShareEditViewController.nib */; settings = {ATTRIBUTES = (CodeSignOnCopy, ); }; };
		3CF888E6179C2D5D008E4250 /* UMShareEditViewControlleriPad.nib in Copy Files */ = {isa = PBXBuildFile; fileRef = 3CF888DB179C2D5D008E4250 /* UMShareEditViewControlleriPad.nib */; settings = {ATTRIBUTES = (CodeSignOnCopy, ); }; };
		3CF888E7179C2D5D008E4250 /* UMSLoginViewController.nib in Copy Files */ = {isa = PBXBuildFile; fileRef = 3CF888DC179C2D5D008E4250 /* UMSLoginViewController.nib */; settings = {ATTRIBUTES = (CodeSignOnCopy, ); }; };
		3CF888E8179C2D5D008E4250 /* UMSnsAccountViewController.nib in Copy Files */ = {isa = PBXBuildFile; fileRef = 3CF888DD179C2D5D008E4250 /* UMSnsAccountViewController.nib */; settings = {ATTRIBUTES = (CodeSignOnCopy, ); }; };
		3CF888E9179C2D5D008E4250 /* UMSocialBarViewController.nib in Copy Files */ = {isa = PBXBuildFile; fileRef = 3CF888DE179C2D5D008E4250 /* UMSocialBarViewController.nib */; settings = {ATTRIBUTES = (CodeSignOnCopy, ); }; };
		3CF888EA179C2D5D008E4250 /* UMSocialLoginViewController.nib in Copy Files */ = {isa = PBXBuildFile; fileRef = 3CF888DF179C2D5D008E4250 /* UMSocialLoginViewController.nib */; settings = {ATTRIBUTES = (CodeSignOnCopy, ); }; };
		3CF888EB179C2D5D008E4250 /* UMSocialSnsViewController.nib in Copy Files */ = {isa = PBXBuildFile; fileRef = 3CF888E0179C2D5D008E4250 /* UMSocialSnsViewController.nib */; settings = {ATTRIBUTES = (CodeSignOnCopy, ); }; };
		3CF888EC179C2D5D008E4250 /* UMSShareListController.nib in Copy Files */ = {isa = PBXBuildFile; fileRef = 3CF888E1179C2D5D008E4250 /* UMSShareListController.nib */; settings = {ATTRIBUTES = (CodeSignOnCopy, ); }; };
/* End PBXBuildFile section */

/* Begin PBXCopyFilesBuildPhase section */
		3C7AE6EB1797FD720073E93E /* Copy Files */ = {
			isa = PBXCopyFilesBuildPhase;
			buildActionMask = 2147483647;
			dstPath = "";
			dstSubfolderSpec = 6;
			files = (
				3CF888E2179C2D5D008E4250 /* UMSCommentDetailController.nib in Copy Files */,
				3CF888E3179C2D5D008E4250 /* UMSCommentInputController.nib in Copy Files */,
				3CF888E4179C2D5D008E4250 /* UMSCommentInputControlleriPad.nib in Copy Files */,
				3CF888E5179C2D5D008E4250 /* UMShareEditViewController.nib in Copy Files */,
				3CF888E6179C2D5D008E4250 /* UMShareEditViewControlleriPad.nib in Copy Files */,
				3CF888E7179C2D5D008E4250 /* UMSLoginViewController.nib in Copy Files */,
				3CF888E8179C2D5D008E4250 /* UMSnsAccountViewController.nib in Copy Files */,
				3CF888E9179C2D5D008E4250 /* UMSocialBarViewController.nib in Copy Files */,
				3CF888EA179C2D5D008E4250 /* UMSocialLoginViewController.nib in Copy Files */,
				3CF888EB179C2D5D008E4250 /* UMSocialSnsViewController.nib in Copy Files */,
				3CF888EC179C2D5D008E4250 /* UMSShareListController.nib in Copy Files */,
			);
			name = "Copy Files";
			runOnlyForDeploymentPostprocessing = 0;
		};
/* End PBXCopyFilesBuildPhase section */

/* Begin PBXFileReference section */
		3A5A9BCA19DD2CD900B228CC /* JSONKit.m */ = {isa = PBXFileReference; fileEncoding = 4; lastKnownFileType = sourcecode.c.objc; path = JSONKit.m; sourceTree = "<group>"; };
		3A5A9BCC19DD2CF300B228CC /* JSONKit.h */ = {isa = PBXFileReference; lastKnownFileType = sourcecode.c.h; path = JSONKit.h; sourceTree = "<group>"; };
		3A9CF6BD1A1B32BF00CF7D80 /* en */ = {isa = PBXFileReference; lastKnownFileType = text.plist.strings; name = en; path = en.lproj/UMSocialLocalizable.strings; sourceTree = "<group>"; };
		3A9CF6BF1A1B32BF00CF7D80 /* UMSocial.h */ = {isa = PBXFileReference; fileEncoding = 4; lastKnownFileType = sourcecode.c.h; path = UMSocial.h; sourceTree = "<group>"; };
		3A9CF6C01A1B32BF00CF7D80 /* UMSocialAccountManager.h */ = {isa = PBXFileReference; fileEncoding = 4; lastKnownFileType = sourcecode.c.h; path = UMSocialAccountManager.h; sourceTree = "<group>"; };
		3A9CF6C11A1B32BF00CF7D80 /* UMSocialBar.h */ = {isa = PBXFileReference; fileEncoding = 4; lastKnownFileType = sourcecode.c.h; path = UMSocialBar.h; sourceTree = "<group>"; };
		3A9CF6C21A1B32BF00CF7D80 /* UMSocialConfig.h */ = {isa = PBXFileReference; fileEncoding = 4; lastKnownFileType = sourcecode.c.h; path = UMSocialConfig.h; sourceTree = "<group>"; };
		3A9CF6C31A1B32BF00CF7D80 /* UMSocialControllerService.h */ = {isa = PBXFileReference; fileEncoding = 4; lastKnownFileType = sourcecode.c.h; path = UMSocialControllerService.h; sourceTree = "<group>"; };
		3A9CF6C41A1B32BF00CF7D80 /* UMSocialControllerServiceComment.h */ = {isa = PBXFileReference; fileEncoding = 4; lastKnownFileType = sourcecode.c.h; path = UMSocialControllerServiceComment.h; sourceTree = "<group>"; };
		3A9CF6C51A1B32BF00CF7D80 /* UMSocialData.h */ = {isa = PBXFileReference; fileEncoding = 4; lastKnownFileType = sourcecode.c.h; path = UMSocialData.h; sourceTree = "<group>"; };
		3A9CF6C61A1B32BF00CF7D80 /* UMSocialDataService.h */ = {isa = PBXFileReference; fileEncoding = 4; lastKnownFileType = sourcecode.c.h; path = UMSocialDataService.h; sourceTree = "<group>"; };
		3A9CF6C71A1B32BF00CF7D80 /* UMSocialSnsData.h */ = {isa = PBXFileReference; fileEncoding = 4; lastKnownFileType = sourcecode.c.h; path = UMSocialSnsData.h; sourceTree = "<group>"; };
		3A9CF6C81A1B32BF00CF7D80 /* UMSocialSnsPlatformManager.h */ = {isa = PBXFileReference; fileEncoding = 4; lastKnownFileType = sourcecode.c.h; path = UMSocialSnsPlatformManager.h; sourceTree = "<group>"; };
		3A9CF6C91A1B32BF00CF7D80 /* UMSocialSnsService.h */ = {isa = PBXFileReference; fileEncoding = 4; lastKnownFileType = sourcecode.c.h; path = UMSocialSnsService.h; sourceTree = "<group>"; };
		3A9CF6CA1A1B32BF00CF7D80 /* libUMSocial_Sdk_4.2.a */ = {isa = PBXFileReference; lastKnownFileType = archive.ar; path = libUMSocial_Sdk_4.2.a; sourceTree = "<group>"; };
		3A9CF6CC1A1B32BF00CF7D80 /* UMSCommentDetailController.xib */ = {isa = PBXFileReference; fileEncoding = 4; lastKnownFileType = file.xib; path = UMSCommentDetailController.xib; sourceTree = "<group>"; };
		3A9CF6CD1A1B32BF00CF7D80 /* UMSCommentInputController.xib */ = {isa = PBXFileReference; fileEncoding = 4; lastKnownFileType = file.xib; path = UMSCommentInputController.xib; sourceTree = "<group>"; };
		3A9CF6CE1A1B32BF00CF7D80 /* UMSCommentInputControlleriPad.xib */ = {isa = PBXFileReference; fileEncoding = 4; lastKnownFileType = file.xib; path = UMSCommentInputControlleriPad.xib; sourceTree = "<group>"; };
		3A9CF6CF1A1B32BF00CF7D80 /* UMShareEditViewController.xib */ = {isa = PBXFileReference; fileEncoding = 4; lastKnownFileType = file.xib; path = UMShareEditViewController.xib; sourceTree = "<group>"; };
		3A9CF6D01A1B32BF00CF7D80 /* UMShareEditViewControlleriPad.xib */ = {isa = PBXFileReference; fileEncoding = 4; lastKnownFileType = file.xib; path = UMShareEditViewControlleriPad.xib; sourceTree = "<group>"; };
		3A9CF6D11A1B32BF00CF7D80 /* UMSLoginViewController.xib */ = {isa = PBXFileReference; fileEncoding = 4; lastKnownFileType = file.xib; path = UMSLoginViewController.xib; sourceTree = "<group>"; };
		3A9CF6D21A1B32BF00CF7D80 /* UMSnsAccountViewController.xib */ = {isa = PBXFileReference; fileEncoding = 4; lastKnownFileType = file.xib; path = UMSnsAccountViewController.xib; sourceTree = "<group>"; };
		3A9CF6D31A1B32BF00CF7D80 /* UMSShareListController.xib */ = {isa = PBXFileReference; fileEncoding = 4; lastKnownFileType = file.xib; path = UMSShareListController.xib; sourceTree = "<group>"; };
		3A9CF6D41A1B32BF00CF7D80 /* UMSocialSDKResourcesNew.bundle */ = {isa = PBXFileReference; lastKnownFileType = "wrapper.plug-in"; path = UMSocialSDKResourcesNew.bundle; sourceTree = "<group>"; };
		3A9CF6D51A1B32BF00CF7D80 /* zh-Hans */ = {isa = PBXFileReference; lastKnownFileType = text.plist.strings; name = "zh-Hans"; path = "zh-Hans.lproj/UMSocialLocalizable.strings"; sourceTree = "<group>"; };
		3A9CF6D81A1B32BF00CF7D80 /* libSocialQQ.a */ = {isa = PBXFileReference; lastKnownFileType = archive.ar; path = libSocialQQ.a; sourceTree = "<group>"; };
		3A9CF6D91A1B32BF00CF7D80 /* TencentOpenAPI.framework */ = {isa = PBXFileReference; lastKnownFileType = wrapper.framework; path = TencentOpenAPI.framework; sourceTree = "<group>"; };
		3A9CF6DA1A1B32BF00CF7D80 /* TencentOpenApi_IOS_Bundle.bundle */ = {isa = PBXFileReference; lastKnownFileType = "wrapper.plug-in"; path = TencentOpenApi_IOS_Bundle.bundle; sourceTree = "<group>"; };
		3A9CF6DB1A1B32BF00CF7D80 /* UMSocialQQHandler.h */ = {isa = PBXFileReference; fileEncoding = 4; lastKnownFileType = sourcecode.c.h; path = UMSocialQQHandler.h; sourceTree = "<group>"; };
		3A9CF6DD1A1B32BF00CF7D80 /* libSocialWechat.a */ = {isa = PBXFileReference; lastKnownFileType = archive.ar; path = libSocialWechat.a; sourceTree = "<group>"; };
		3A9CF6DE1A1B32BF00CF7D80 /* libWeChatSDK.a */ = {isa = PBXFileReference; lastKnownFileType = archive.ar; path = libWeChatSDK.a; sourceTree = "<group>"; };
		3A9CF6DF1A1B32BF00CF7D80 /* UMSocialWechatHandler.h */ = {isa = PBXFileReference; fileEncoding = 4; lastKnownFileType = sourcecode.c.h; path = UMSocialWechatHandler.h; sourceTree = "<group>"; };
		3A9CF6E01A1B32BF00CF7D80 /* WXApi.h */ = {isa = PBXFileReference; fileEncoding = 4; lastKnownFileType = sourcecode.c.h; path = WXApi.h; sourceTree = "<group>"; };
		3A9CF6E11A1B32BF00CF7D80 /* WXApiObject.h */ = {isa = PBXFileReference; fileEncoding = 4; lastKnownFileType = sourcecode.c.h; path = WXApiObject.h; sourceTree = "<group>"; };
		3AD0475A1A19F8E20077AA81 /* Security.framework */ = {isa = PBXFileReference; lastKnownFileType = wrapper.framework; name = Security.framework; path = System/Library/Frameworks/Security.framework; sourceTree = SDKROOT; };
		3AD0475C1A19F8F30077AA81 /* libiconv.dylib */ = {isa = PBXFileReference; lastKnownFileType = "compiled.mach-o.dylib"; name = libiconv.dylib; path = usr/lib/libiconv.dylib; sourceTree = SDKROOT; };
		3AD0475E1A19F8FE0077AA81 /* SystemConfiguration.framework */ = {isa = PBXFileReference; lastKnownFileType = wrapper.framework; name = SystemConfiguration.framework; path = System/Library/Frameworks/SystemConfiguration.framework; sourceTree = SDKROOT; };
		3AD047601A19F90F0077AA81 /* libsqlite3.0.dylib */ = {isa = PBXFileReference; lastKnownFileType = "compiled.mach-o.dylib"; name = libsqlite3.0.dylib; path = usr/lib/libsqlite3.0.dylib; sourceTree = SDKROOT; };
		3AD047621A19F9160077AA81 /* CoreTelephony.framework */ = {isa = PBXFileReference; lastKnownFileType = wrapper.framework; name = CoreTelephony.framework; path = System/Library/Frameworks/CoreTelephony.framework; sourceTree = SDKROOT; };
		3AD047641A19F91E0077AA81 /* libstdc++.dylib */ = {isa = PBXFileReference; lastKnownFileType = "compiled.mach-o.dylib"; name = "libstdc++.dylib"; path = "usr/lib/libstdc++.dylib"; sourceTree = SDKROOT; };
		3AD047661A19F9240077AA81 /* libz.dylib */ = {isa = PBXFileReference; lastKnownFileType = "compiled.mach-o.dylib"; name = libz.dylib; path = usr/lib/libz.dylib; sourceTree = SDKROOT; };
		3C70DD72179C2C3B00BDFCEC /* QuartzCore.framework */ = {isa = PBXFileReference; lastKnownFileType = wrapper.framework; name = QuartzCore.framework; path = System/Library/Frameworks/QuartzCore.framework; sourceTree = SDKROOT; };
		3C70DD74179C2C4100BDFCEC /* MessageUI.framework */ = {isa = PBXFileReference; lastKnownFileType = wrapper.framework; name = MessageUI.framework; path = System/Library/Frameworks/MessageUI.framework; sourceTree = SDKROOT; };
		3C70DD76179C2C4900BDFCEC /* MapKit.framework */ = {isa = PBXFileReference; lastKnownFileType = wrapper.framework; name = MapKit.framework; path = System/Library/Frameworks/MapKit.framework; sourceTree = SDKROOT; };
		3C70DD78179C2C5100BDFCEC /* CoreLocation.framework */ = {isa = PBXFileReference; lastKnownFileType = wrapper.framework; name = CoreLocation.framework; path = System/Library/Frameworks/CoreLocation.framework; sourceTree = SDKROOT; };
		3C70DD7A179C2C5700BDFCEC /* UIKit.framework */ = {isa = PBXFileReference; lastKnownFileType = wrapper.framework; name = UIKit.framework; path = System/Library/Frameworks/UIKit.framework; sourceTree = SDKROOT; };
		3C70DD7C179C2C5D00BDFCEC /* CoreGraphics.framework */ = {isa = PBXFileReference; lastKnownFileType = wrapper.framework; name = CoreGraphics.framework; path = System/Library/Frameworks/CoreGraphics.framework; sourceTree = SDKROOT; };
		3C7AE5FE1797E4E10073E93E /* libUMSocial.a */ = {isa = PBXFileReference; explicitFileType = archive.ar; includeInIndex = 0; path = libUMSocial.a; sourceTree = BUILT_PRODUCTS_DIR; };
		3C7AE6011797E4E10073E93E /* Foundation.framework */ = {isa = PBXFileReference; lastKnownFileType = wrapper.framework; name = Foundation.framework; path = System/Library/Frameworks/Foundation.framework; sourceTree = SDKROOT; };
		3C7AE6051797E4E10073E93E /* UMSocial-Prefix.pch */ = {isa = PBXFileReference; lastKnownFileType = sourcecode.c.h; path = "UMSocial-Prefix.pch"; sourceTree = "<group>"; };
		3C7AE6061797E4E10073E93E /* UMSocial.h */ = {isa = PBXFileReference; lastKnownFileType = sourcecode.c.h; path = UMSocial.h; sourceTree = "<group>"; };
		3C7AE6081797E4E10073E93E /* UMSocial.m */ = {isa = PBXFileReference; lastKnownFileType = sourcecode.c.objc; path = UMSocial.m; sourceTree = "<group>"; };
		3C7AE6561797E9B80073E93E /* FlashRuntimeExtensions.h */ = {isa = PBXFileReference; fileEncoding = 4; lastKnownFileType = sourcecode.c.h; path = FlashRuntimeExtensions.h; sourceTree = SOURCE_ROOT; };
		3C7AE6571797EA9A0073E93E /* SocialControler.m */ = {isa = PBXFileReference; fileEncoding = 4; lastKnownFileType = sourcecode.c.objc; path = SocialControler.m; sourceTree = "<group>"; };
		3C7AE6581797EA9A0073E93E /* SocialControler.h */ = {isa = PBXFileReference; fileEncoding = 4; lastKnownFileType = sourcecode.c.h; path = SocialControler.h; sourceTree = "<group>"; };
		3C7AE66B1797EB050073E93E /* UMImageLoader.h */ = {isa = PBXFileReference; fileEncoding = 4; lastKnownFileType = sourcecode.c.h; path = UMImageLoader.h; sourceTree = "<group>"; };
		3C7AE66C1797EB050073E93E /* UMImageView.h */ = {isa = PBXFileReference; fileEncoding = 4; lastKnownFileType = sourcecode.c.h; path = UMImageView.h; sourceTree = "<group>"; };
		3C7AE66D1797EB050073E93E /* UMSocialAFHTTPClient.h */ = {isa = PBXFileReference; fileEncoding = 4; lastKnownFileType = sourcecode.c.h; path = UMSocialAFHTTPClient.h; sourceTree = "<group>"; };
		3C7AE66E1797EB050073E93E /* UMSocialAFHTTPRequestOperation.h */ = {isa = PBXFileReference; fileEncoding = 4; lastKnownFileType = sourcecode.c.h; path = UMSocialAFHTTPRequestOperation.h; sourceTree = "<group>"; };
		3C7AE66F1797EB050073E93E /* UMSocialAFURLConnectionOperation.h */ = {isa = PBXFileReference; fileEncoding = 4; lastKnownFileType = sourcecode.c.h; path = UMSocialAFURLConnectionOperation.h; sourceTree = "<group>"; };
		3C7AE6701797EB050073E93E /* UMUtils.h */ = {isa = PBXFileReference; fileEncoding = 4; lastKnownFileType = sourcecode.c.h; path = UMUtils.h; sourceTree = "<group>"; };
		3C7AE6B41797FA010073E93E /* UMS_account@2x.png */ = {isa = PBXFileReference; lastKnownFileType = image.png; path = "UMS_account@2x.png"; sourceTree = "<group>"; };
		3C7AE6B51797FA010073E93E /* UMS_bar@2x.png */ = {isa = PBXFileReference; lastKnownFileType = image.png; path = "UMS_bar@2x.png"; sourceTree = "<group>"; };
		3C7AE6B61797FA010073E93E /* UMS_comment@2x.png */ = {isa = PBXFileReference; lastKnownFileType = image.png; path = "UMS_comment@2x.png"; sourceTree = "<group>"; };
		3C7AE6B71797FA010073E93E /* UMS_mutilBar@2x.png */ = {isa = PBXFileReference; lastKnownFileType = image.png; path = "UMS_mutilBar@2x.png"; sourceTree = "<group>"; };
		3C7AE6B81797FA010073E93E /* UMS_settings@2x.png */ = {isa = PBXFileReference; lastKnownFileType = image.png; path = "UMS_settings@2x.png"; sourceTree = "<group>"; };
		3C7AE6B91797FA010073E93E /* UMS_share@2x.png */ = {isa = PBXFileReference; lastKnownFileType = image.png; path = "UMS_share@2x.png"; sourceTree = "<group>"; };
		3C8A044618D01002003AB72C /* Login.h */ = {isa = PBXFileReference; fileEncoding = 4; lastKnownFileType = sourcecode.c.h; path = Login.h; sourceTree = "<group>"; };
		3C8A044718D01002003AB72C /* Login.m */ = {isa = PBXFileReference; fileEncoding = 4; lastKnownFileType = sourcecode.c.objc; path = Login.m; sourceTree = "<group>"; };
		3CE35DF8179D24B9009FE873 /* zh */ = {isa = PBXFileReference; lastKnownFileType = text.plist.strings; name = zh; path = UMSocialLocalizable.strings; sourceTree = "<group>"; };
		3CF888D7179C2D5D008E4250 /* UMSCommentDetailController.nib */ = {isa = PBXFileReference; lastKnownFileType = file.bplist; name = UMSCommentDetailController.nib; path = nibs/UMSCommentDetailController.nib; sourceTree = "<group>"; };
		3CF888D8179C2D5D008E4250 /* UMSCommentInputController.nib */ = {isa = PBXFileReference; lastKnownFileType = file.bplist; name = UMSCommentInputController.nib; path = nibs/UMSCommentInputController.nib; sourceTree = "<group>"; };
		3CF888D9179C2D5D008E4250 /* UMSCommentInputControlleriPad.nib */ = {isa = PBXFileReference; lastKnownFileType = file.bplist; name = UMSCommentInputControlleriPad.nib; path = nibs/UMSCommentInputControlleriPad.nib; sourceTree = "<group>"; };
		3CF888DA179C2D5D008E4250 /* UMShareEditViewController.nib */ = {isa = PBXFileReference; lastKnownFileType = file.bplist; name = UMShareEditViewController.nib; path = nibs/UMShareEditViewController.nib; sourceTree = "<group>"; };
		3CF888DB179C2D5D008E4250 /* UMShareEditViewControlleriPad.nib */ = {isa = PBXFileReference; lastKnownFileType = file.bplist; name = UMShareEditViewControlleriPad.nib; path = nibs/UMShareEditViewControlleriPad.nib; sourceTree = "<group>"; };
		3CF888DC179C2D5D008E4250 /* UMSLoginViewController.nib */ = {isa = PBXFileReference; lastKnownFileType = file.bplist; name = UMSLoginViewController.nib; path = nibs/UMSLoginViewController.nib; sourceTree = "<group>"; };
		3CF888DD179C2D5D008E4250 /* UMSnsAccountViewController.nib */ = {isa = PBXFileReference; lastKnownFileType = file.bplist; name = UMSnsAccountViewController.nib; path = nibs/UMSnsAccountViewController.nib; sourceTree = "<group>"; };
		3CF888DE179C2D5D008E4250 /* UMSocialBarViewController.nib */ = {isa = PBXFileReference; lastKnownFileType = wrapper.nib; name = UMSocialBarViewController.nib; path = nibs/UMSocialBarViewController.nib; sourceTree = "<group>"; };
		3CF888DF179C2D5D008E4250 /* UMSocialLoginViewController.nib */ = {isa = PBXFileReference; lastKnownFileType = wrapper.nib; name = UMSocialLoginViewController.nib; path = nibs/UMSocialLoginViewController.nib; sourceTree = "<group>"; };
		3CF888E0179C2D5D008E4250 /* UMSocialSnsViewController.nib */ = {isa = PBXFileReference; lastKnownFileType = wrapper.nib; name = UMSocialSnsViewController.nib; path = nibs/UMSocialSnsViewController.nib; sourceTree = "<group>"; };
		3CF888E1179C2D5D008E4250 /* UMSShareListController.nib */ = {isa = PBXFileReference; lastKnownFileType = file.bplist; name = UMSShareListController.nib; path = nibs/UMSShareListController.nib; sourceTree = "<group>"; };
/* End PBXFileReference section */

/* Begin PBXFrameworksBuildPhase section */
		3C7AE5FB1797E4E10073E93E /* Frameworks */ = {
			isa = PBXFrameworksBuildPhase;
			buildActionMask = 2147483647;
			files = (
				3AD047671A19F9240077AA81 /* libz.dylib in Frameworks */,
				3A9CF6F11A1B32BF00CF7D80 /* libWeChatSDK.a in Frameworks */,
				3AD047651A19F91E0077AA81 /* libstdc++.dylib in Frameworks */,
				3AD047631A19F9160077AA81 /* CoreTelephony.framework in Frameworks */,
				3A9CF6E31A1B32BF00CF7D80 /* libUMSocial_Sdk_4.2.a in Frameworks */,
				3AD047611A19F90F0077AA81 /* libsqlite3.0.dylib in Frameworks */,
				3C70DD7E179C2C6900BDFCEC /* CoreGraphics.framework in Frameworks */,
				3AD0475F1A19F8FE0077AA81 /* SystemConfiguration.framework in Frameworks */,
				3AD0475D1A19F8F30077AA81 /* libiconv.dylib in Frameworks */,
				3AD0475B1A19F8E20077AA81 /* Security.framework in Frameworks */,
				3C70DD7F179C2C6900BDFCEC /* UIKit.framework in Frameworks */,
				3C70DD80179C2C6900BDFCEC /* CoreLocation.framework in Frameworks */,
				3C70DD81179C2C6900BDFCEC /* MapKit.framework in Frameworks */,
				3A9CF6F01A1B32BF00CF7D80 /* libSocialWechat.a in Frameworks */,
				3C70DD82179C2C6900BDFCEC /* MessageUI.framework in Frameworks */,
			);
			runOnlyForDeploymentPostprocessing = 0;
		};
/* End PBXFrameworksBuildPhase section */

/* Begin PBXGroup section */
		3A9CF6BB1A1B32BF00CF7D80 /* UMSocial_Sdk_4.2 */ = {
			isa = PBXGroup;
			children = (
				3A9CF6BC1A1B32BF00CF7D80 /* UMSocialLocalizable.strings */,
				3A9CF6BE1A1B32BF00CF7D80 /* Header */,
				3A9CF6CA1A1B32BF00CF7D80 /* libUMSocial_Sdk_4.2.a */,
				3A9CF6CB1A1B32BF00CF7D80 /* SocialSDKXib */,
				3A9CF6D41A1B32BF00CF7D80 /* UMSocialSDKResourcesNew.bundle */,
			);
			path = UMSocial_Sdk_4.2;
			sourceTree = "<group>";
		};
		3A9CF6BE1A1B32BF00CF7D80 /* Header */ = {
			isa = PBXGroup;
			children = (
				3A9CF6BF1A1B32BF00CF7D80 /* UMSocial.h */,
				3A9CF6C01A1B32BF00CF7D80 /* UMSocialAccountManager.h */,
				3A9CF6C11A1B32BF00CF7D80 /* UMSocialBar.h */,
				3A9CF6C21A1B32BF00CF7D80 /* UMSocialConfig.h */,
				3A9CF6C31A1B32BF00CF7D80 /* UMSocialControllerService.h */,
				3A9CF6C41A1B32BF00CF7D80 /* UMSocialControllerServiceComment.h */,
				3A9CF6C51A1B32BF00CF7D80 /* UMSocialData.h */,
				3A9CF6C61A1B32BF00CF7D80 /* UMSocialDataService.h */,
				3A9CF6C71A1B32BF00CF7D80 /* UMSocialSnsData.h */,
				3A9CF6C81A1B32BF00CF7D80 /* UMSocialSnsPlatformManager.h */,
				3A9CF6C91A1B32BF00CF7D80 /* UMSocialSnsService.h */,
			);
			path = Header;
			sourceTree = "<group>";
		};
		3A9CF6CB1A1B32BF00CF7D80 /* SocialSDKXib */ = {
			isa = PBXGroup;
			children = (
				3A9CF6CC1A1B32BF00CF7D80 /* UMSCommentDetailController.xib */,
				3A9CF6CD1A1B32BF00CF7D80 /* UMSCommentInputController.xib */,
				3A9CF6CE1A1B32BF00CF7D80 /* UMSCommentInputControlleriPad.xib */,
				3A9CF6CF1A1B32BF00CF7D80 /* UMShareEditViewController.xib */,
				3A9CF6D01A1B32BF00CF7D80 /* UMShareEditViewControlleriPad.xib */,
				3A9CF6D11A1B32BF00CF7D80 /* UMSLoginViewController.xib */,
				3A9CF6D21A1B32BF00CF7D80 /* UMSnsAccountViewController.xib */,
				3A9CF6D31A1B32BF00CF7D80 /* UMSShareListController.xib */,
			);
			path = SocialSDKXib;
			sourceTree = "<group>";
		};
		3A9CF6D61A1B32BF00CF7D80 /* UMSocial_Sdk_Extra_Frameworks */ = {
			isa = PBXGroup;
			children = (
				3A9CF6D71A1B32BF00CF7D80 /* TencentOpenAPI */,
				3A9CF6DC1A1B32BF00CF7D80 /* Wechat */,
			);
			path = UMSocial_Sdk_Extra_Frameworks;
			sourceTree = "<group>";
		};
		3A9CF6D71A1B32BF00CF7D80 /* TencentOpenAPI */ = {
			isa = PBXGroup;
			children = (
				3A9CF6D81A1B32BF00CF7D80 /* libSocialQQ.a */,
				3A9CF6D91A1B32BF00CF7D80 /* TencentOpenAPI.framework */,
				3A9CF6DA1A1B32BF00CF7D80 /* TencentOpenApi_IOS_Bundle.bundle */,
				3A9CF6DB1A1B32BF00CF7D80 /* UMSocialQQHandler.h */,
			);
			path = TencentOpenAPI;
			sourceTree = "<group>";
		};
		3A9CF6DC1A1B32BF00CF7D80 /* Wechat */ = {
			isa = PBXGroup;
			children = (
				3A9CF6DD1A1B32BF00CF7D80 /* libSocialWechat.a */,
				3A9CF6DE1A1B32BF00CF7D80 /* libWeChatSDK.a */,
				3A9CF6DF1A1B32BF00CF7D80 /* UMSocialWechatHandler.h */,
				3A9CF6E01A1B32BF00CF7D80 /* WXApi.h */,
				3A9CF6E11A1B32BF00CF7D80 /* WXApiObject.h */,
			);
			path = Wechat;
			sourceTree = "<group>";
		};
		3C7AE5F51797E4E10073E93E = {
			isa = PBXGroup;
			children = (
				3A9CF6BB1A1B32BF00CF7D80 /* UMSocial_Sdk_4.2 */,
				3A9CF6D61A1B32BF00CF7D80 /* UMSocial_Sdk_Extra_Frameworks */,
				3CE35DF6179D24B9009FE873 /* zh.lproj */,
				3CF888ED179C2D65008E4250 /* nibs */,
				3C7AE6031797E4E10073E93E /* UMSocial */,
				3C7AE6001797E4E10073E93E /* Frameworks */,
				3C7AE5FF1797E4E10073E93E /* Products */,
			);
			sourceTree = "<group>";
		};
		3C7AE5FF1797E4E10073E93E /* Products */ = {
			isa = PBXGroup;
			children = (
				3C7AE5FE1797E4E10073E93E /* libUMSocial.a */,
			);
			name = Products;
			sourceTree = "<group>";
		};
		3C7AE6001797E4E10073E93E /* Frameworks */ = {
			isa = PBXGroup;
			children = (
				3AD047661A19F9240077AA81 /* libz.dylib */,
				3AD047641A19F91E0077AA81 /* libstdc++.dylib */,
				3AD047621A19F9160077AA81 /* CoreTelephony.framework */,
				3AD047601A19F90F0077AA81 /* libsqlite3.0.dylib */,
				3AD0475E1A19F8FE0077AA81 /* SystemConfiguration.framework */,
				3AD0475C1A19F8F30077AA81 /* libiconv.dylib */,
				3AD0475A1A19F8E20077AA81 /* Security.framework */,
				3C70DD7C179C2C5D00BDFCEC /* CoreGraphics.framework */,
				3C70DD7A179C2C5700BDFCEC /* UIKit.framework */,
				3C70DD78179C2C5100BDFCEC /* CoreLocation.framework */,
				3C70DD76179C2C4900BDFCEC /* MapKit.framework */,
				3C70DD74179C2C4100BDFCEC /* MessageUI.framework */,
				3C70DD72179C2C3B00BDFCEC /* QuartzCore.framework */,
				3C7AE6011797E4E10073E93E /* Foundation.framework */,
			);
			name = Frameworks;
			sourceTree = "<group>";
		};
		3C7AE6031797E4E10073E93E /* UMSocial */ = {
			isa = PBXGroup;
			children = (
				3C7AE6B31797FA000073E93E /* DemoImages */,
				3C7AE66A1797EB050073E93E /* Headers */,
				3C7AE6571797EA9A0073E93E /* SocialControler.m */,
				3C7AE6581797EA9A0073E93E /* SocialControler.h */,
				3C7AE6061797E4E10073E93E /* UMSocial.h */,
				3C7AE6081797E4E10073E93E /* UMSocial.m */,
				3C7AE6041797E4E10073E93E /* Supporting Files */,
				3C8A044618D01002003AB72C /* Login.h */,
				3C8A044718D01002003AB72C /* Login.m */,
				3A5A9BCA19DD2CD900B228CC /* JSONKit.m */,
				3A5A9BCC19DD2CF300B228CC /* JSONKit.h */,
			);
			path = UMSocial;
			sourceTree = "<group>";
		};
		3C7AE6041797E4E10073E93E /* Supporting Files */ = {
			isa = PBXGroup;
			children = (
				3C7AE6561797E9B80073E93E /* FlashRuntimeExtensions.h */,
				3C7AE6051797E4E10073E93E /* UMSocial-Prefix.pch */,
			);
			name = "Supporting Files";
			sourceTree = "<group>";
		};
		3C7AE66A1797EB050073E93E /* Headers */ = {
			isa = PBXGroup;
			children = (
				3C7AE66B1797EB050073E93E /* UMImageLoader.h */,
				3C7AE66C1797EB050073E93E /* UMImageView.h */,
				3C7AE66D1797EB050073E93E /* UMSocialAFHTTPClient.h */,
				3C7AE66E1797EB050073E93E /* UMSocialAFHTTPRequestOperation.h */,
				3C7AE66F1797EB050073E93E /* UMSocialAFURLConnectionOperation.h */,
				3C7AE6701797EB050073E93E /* UMUtils.h */,
			);
			path = Headers;
			sourceTree = "<group>";
		};
		3C7AE6B31797FA000073E93E /* DemoImages */ = {
			isa = PBXGroup;
			children = (
				3C7AE6B41797FA010073E93E /* UMS_account@2x.png */,
				3C7AE6B51797FA010073E93E /* UMS_bar@2x.png */,
				3C7AE6B61797FA010073E93E /* UMS_comment@2x.png */,
				3C7AE6B71797FA010073E93E /* UMS_mutilBar@2x.png */,
				3C7AE6B81797FA010073E93E /* UMS_settings@2x.png */,
				3C7AE6B91797FA010073E93E /* UMS_share@2x.png */,
			);
			path = DemoImages;
			sourceTree = "<group>";
		};
		3CE35DF6179D24B9009FE873 /* zh.lproj */ = {
			isa = PBXGroup;
			children = (
				3CE35DF7179D24B9009FE873 /* UMSocialLocalizable.strings */,
			);
			path = zh.lproj;
			sourceTree = "<group>";
		};
		3CF888ED179C2D65008E4250 /* nibs */ = {
			isa = PBXGroup;
			children = (
				3CF888D7179C2D5D008E4250 /* UMSCommentDetailController.nib */,
				3CF888D8179C2D5D008E4250 /* UMSCommentInputController.nib */,
				3CF888D9179C2D5D008E4250 /* UMSCommentInputControlleriPad.nib */,
				3CF888DA179C2D5D008E4250 /* UMShareEditViewController.nib */,
				3CF888DB179C2D5D008E4250 /* UMShareEditViewControlleriPad.nib */,
				3CF888DC179C2D5D008E4250 /* UMSLoginViewController.nib */,
				3CF888DD179C2D5D008E4250 /* UMSnsAccountViewController.nib */,
				3CF888DE179C2D5D008E4250 /* UMSocialBarViewController.nib */,
				3CF888DF179C2D5D008E4250 /* UMSocialLoginViewController.nib */,
				3CF888E0179C2D5D008E4250 /* UMSocialSnsViewController.nib */,
				3CF888E1179C2D5D008E4250 /* UMSShareListController.nib */,
			);
			name = nibs;
			sourceTree = "<group>";
		};
/* End PBXGroup section */

/* Begin PBXNativeTarget section */
		3C7AE5FD1797E4E10073E93E /* UMSocial */ = {
			isa = PBXNativeTarget;
			buildConfigurationList = 3C7AE60C1797E4E10073E93E /* Build configuration list for PBXNativeTarget "UMSocial" */;
			buildPhases = (
				3C7AE5FA1797E4E10073E93E /* Sources */,
				3C7AE5FB1797E4E10073E93E /* Frameworks */,
				3C7AE6D21797FC240073E93E /* Resources */,
				3C7AE6EB1797FD720073E93E /* Copy Files */,
			);
			buildRules = (
			);
			dependencies = (
			);
			name = UMSocial;
			productName = UMSocial;
			productReference = 3C7AE5FE1797E4E10073E93E /* libUMSocial.a */;
			productType = "com.apple.product-type.library.static";
		};
/* End PBXNativeTarget section */

/* Begin PBXProject section */
		3C7AE5F61797E4E10073E93E /* Project object */ = {
			isa = PBXProject;
			attributes = {
				LastUpgradeCheck = 0600;
				ORGANIZATIONNAME = pamakids;
			};
			buildConfigurationList = 3C7AE5F91797E4E10073E93E /* Build configuration list for PBXProject "UMSocial" */;
			compatibilityVersion = "Xcode 3.2";
			developmentRegion = English;
			hasScannedForEncodings = 0;
			knownRegions = (
				en,
				"zh-Hans",
				zh,
			);
			mainGroup = 3C7AE5F51797E4E10073E93E;
			productRefGroup = 3C7AE5FF1797E4E10073E93E /* Products */;
			projectDirPath = "";
			projectRoot = "";
			targets = (
				3C7AE5FD1797E4E10073E93E /* UMSocial */,
			);
		};
/* End PBXProject section */

/* Begin PBXResourcesBuildPhase section */
		3C7AE6D21797FC240073E93E /* Resources */ = {
			isa = PBXResourcesBuildPhase;
			buildActionMask = 2147483647;
			files = (
				3A9CF6E61A1B32BF00CF7D80 /* UMSCommentInputControlleriPad.xib in Resources */,
				3A9CF6EA1A1B32BF00CF7D80 /* UMSnsAccountViewController.xib in Resources */,
				3A9CF6EC1A1B32BF00CF7D80 /* UMSocialSDKResourcesNew.bundle in Resources */,
				3A9CF6E51A1B32BF00CF7D80 /* UMSCommentInputController.xib in Resources */,
				3A9CF6E81A1B32BF00CF7D80 /* UMShareEditViewControlleriPad.xib in Resources */,
				3A9CF6E41A1B32BF00CF7D80 /* UMSCommentDetailController.xib in Resources */,
				3A9CF6E21A1B32BF00CF7D80 /* UMSocialLocalizable.strings in Resources */,
				3A9CF6EF1A1B32BF00CF7D80 /* TencentOpenApi_IOS_Bundle.bundle in Resources */,
				3A9CF6E91A1B32BF00CF7D80 /* UMSLoginViewController.xib in Resources */,
				3A9CF6E71A1B32BF00CF7D80 /* UMShareEditViewController.xib in Resources */,
				3A9CF6EB1A1B32BF00CF7D80 /* UMSShareListController.xib in Resources */,
			);
			runOnlyForDeploymentPostprocessing = 0;
		};
/* End PBXResourcesBuildPhase section */

/* Begin PBXSourcesBuildPhase section */
		3C7AE5FA1797E4E10073E93E /* Sources */ = {
			isa = PBXSourcesBuildPhase;
			buildActionMask = 2147483647;
			files = (
				3C7AE6091797E4E10073E93E /* UMSocial.m in Sources */,
				3C7AE6591797EA9A0073E93E /* SocialControler.m in Sources */,
				3A5A9BCB19DD2CD900B228CC /* JSONKit.m in Sources */,
				3C8A044818D01002003AB72C /* Login.m in Sources */,
			);
			runOnlyForDeploymentPostprocessing = 0;
		};
/* End PBXSourcesBuildPhase section */

/* Begin PBXVariantGroup section */
		3A9CF6BC1A1B32BF00CF7D80 /* UMSocialLocalizable.strings */ = {
			isa = PBXVariantGroup;
			children = (
				3A9CF6BD1A1B32BF00CF7D80 /* en */,
				3A9CF6D51A1B32BF00CF7D80 /* zh-Hans */,
			);
			name = UMSocialLocalizable.strings;
			sourceTree = "<group>";
		};
		3CE35DF7179D24B9009FE873 /* UMSocialLocalizable.strings */ = {
			isa = PBXVariantGroup;
			children = (
				3CE35DF8179D24B9009FE873 /* zh */,
			);
			name = UMSocialLocalizable.strings;
			sourceTree = "<group>";
		};
/* End PBXVariantGroup section */

/* Begin XCBuildConfiguration section */
		3C7AE60A1797E4E10073E93E /* Debug */ = {
			isa = XCBuildConfiguration;
			buildSettings = {
				ALWAYS_SEARCH_USER_PATHS = NO;
				CLANG_CXX_LANGUAGE_STANDARD = "gnu++0x";
				CLANG_CXX_LIBRARY = "libc++";
				CLANG_WARN_CONSTANT_CONVERSION = YES;
				CLANG_WARN_EMPTY_BODY = YES;
				CLANG_WARN_ENUM_CONVERSION = YES;
				CLANG_WARN_INT_CONVERSION = YES;
				CLANG_WARN__DUPLICATE_METHOD_MATCH = YES;
				COPY_PHASE_STRIP = NO;
				GCC_C_LANGUAGE_STANDARD = gnu99;
				GCC_DYNAMIC_NO_PIC = NO;
				GCC_OPTIMIZATION_LEVEL = 0;
				GCC_PREPROCESSOR_DEFINITIONS = (
					"DEBUG=1",
					"$(inherited)",
				);
				GCC_SYMBOLS_PRIVATE_EXTERN = NO;
				GCC_WARN_ABOUT_RETURN_TYPE = YES;
				GCC_WARN_UNINITIALIZED_AUTOS = YES;
				GCC_WARN_UNUSED_VARIABLE = YES;
				IPHONEOS_DEPLOYMENT_TARGET = 4.3;
				ONLY_ACTIVE_ARCH = YES;
				SDKROOT = iphoneos;
				VALID_ARCHS = "armv7 armv7s";
			};
			name = Debug;
		};
		3C7AE60B1797E4E10073E93E /* Release */ = {
			isa = XCBuildConfiguration;
			buildSettings = {
				ALWAYS_SEARCH_USER_PATHS = NO;
				CLANG_CXX_LANGUAGE_STANDARD = "gnu++0x";
				CLANG_CXX_LIBRARY = "libc++";
				CLANG_WARN_CONSTANT_CONVERSION = YES;
				CLANG_WARN_EMPTY_BODY = YES;
				CLANG_WARN_ENUM_CONVERSION = YES;
				CLANG_WARN_INT_CONVERSION = YES;
				CLANG_WARN__DUPLICATE_METHOD_MATCH = YES;
				COPY_PHASE_STRIP = YES;
				GCC_C_LANGUAGE_STANDARD = gnu99;
				GCC_WARN_ABOUT_RETURN_TYPE = YES;
				GCC_WARN_UNINITIALIZED_AUTOS = YES;
				GCC_WARN_UNUSED_VARIABLE = YES;
				IPHONEOS_DEPLOYMENT_TARGET = 4.3;
				ONLY_ACTIVE_ARCH = NO;
				SDKROOT = iphoneos;
				VALIDATE_PRODUCT = YES;
				VALID_ARCHS = "armv7 armv7s";
			};
			name = Release;
		};
		3C7AE60D1797E4E10073E93E /* Debug */ = {
			isa = XCBuildConfiguration;
			buildSettings = {
				DSTROOT = /tmp/UMSocial.dst;
				FRAMEWORK_SEARCH_PATHS = (
					"$(inherited)",
					"\\\"$(SRCROOT)/UMSocial_Sdk_3.1/frameworks/TencentOpenAPI\\\"",
					"/Users/mani/pamakids/ane/ANE-UMengSocial/ios/UMSocial_Sdk_Extra_Frameworks/TencentOpenAPI",
					"$(PROJECT_DIR)/UMSocial_Sdk_Extra_Frameworks/TencentOpenAPI",
				);
				GCC_PRECOMPILE_PREFIX_HEADER = YES;
				GCC_PREFIX_HEADER = "UMSocial/UMSocial-Prefix.pch";
				IPHONEOS_DEPLOYMENT_TARGET = 4.3;
				LIBRARY_SEARCH_PATHS = (
					"$(inherited)",
					"\\\"$(SRCROOT)/../UMSocial_Sdk_2.2.1/frameworks/Wechat\\\"",
					"\\\"$(SRCROOT)/../UMSocial_Sdk_2.2.1\\\"",
					"\\\"$(SRCROOT)/UMSocial_Sdk_2.2.1/frameworks/Wechat\\\"",
					"\\\"$(SRCROOT)/UMSocial_Sdk_2.2.1\\\"",
					"\\\"$(SRCROOT)/UMSocial_Sdk_3.1/frameworks/Wechat\\\"",
					"\\\"$(SRCROOT)/UMSocial_Sdk_3.1\\\"",
					/Users/mani/Downloads/umeng_ios_social_sdk_3.3.5_custom/UMSocial_Sdk_Demo/UMSocial_Sdk_3.3.5,
					"/Users/mani/pamakids/ane/ANE-UMengSocial/ios/UMSocial_Sdk_Extra_Frameworks/Facebook",
					"/Users/mani/pamakids/ane/ANE-UMengSocial/ios/UMSocial_Sdk_Extra_Frameworks/Instagram",
					"/Users/mani/pamakids/ane/ANE-UMengSocial/ios/UMSocial_Sdk_Extra_Frameworks/LaiWang",
					"/Users/mani/pamakids/ane/ANE-UMengSocial/ios/UMSocial_Sdk_Extra_Frameworks/Twitter",
					"/Users/mani/pamakids/ane/ANE-UMengSocial/ios/UMSocial_Sdk_Extra_Frameworks/UMSocial_ScreenShot_Sdk",
					"/Users/mani/pamakids/ane/ANE-UMengSocial/ios/UMSocial_Sdk_Extra_Frameworks/UMSocial_Shake_Sdk",
					"/Users/mani/pamakids/ane/ANE-UMengSocial/ios/UMSocial_Sdk_Extra_Frameworks/Wechat",
					"/Users/mani/pamakids/ane/ANE-UMengSocial/ios/UMSocial_Sdk_Extra_Frameworks/YiXin",
					"/Users/mani/pamakids/ane/ANE-UMengSocial/ios/UMSocial_Sdk_3.3.5",
					"$(PROJECT_DIR)/UMSocial_Sdk_3.3.6",
					"$(PROJECT_DIR)/UMSocial_Sdk_Extra_Frameworks/Facebook",
					"$(PROJECT_DIR)/UMSocial_Sdk_Extra_Frameworks/Instagram",
					"$(PROJECT_DIR)/UMSocial_Sdk_Extra_Frameworks/LaiWang",
					"$(PROJECT_DIR)/UMSocial_Sdk_Extra_Frameworks/Twitter",
					"$(PROJECT_DIR)/UMSocial_Sdk_Extra_Frameworks/UMSocial_ScreenShot_Sdk",
					"$(PROJECT_DIR)/UMSocial_Sdk_Extra_Frameworks/UMSocial_Shake_Sdk",
					"$(PROJECT_DIR)/UMSocial_Sdk_Extra_Frameworks/Wechat",
					"$(PROJECT_DIR)/UMSocial_Sdk_Extra_Frameworks/YiXin",
					"$(PROJECT_DIR)/UMSocial_Sdk_Extra_Frameworks/Sina",
					"$(PROJECT_DIR)/UMSocial_Sdk_4.1",
					"$(PROJECT_DIR)/UMSocial_Sdk_Extra_Frameworks/TencentOpenAPI",
					"$(PROJECT_DIR)/UMSocial_Sdk_4.2",
				);
				New_Setting = "";
				OTHER_LDFLAGS = "-ObjC";
				PRODUCT_NAME = "$(TARGET_NAME)";
				SKIP_INSTALL = NO;
				TARGETED_DEVICE_FAMILY = "1,2";
			};
			name = Debug;
		};
		3C7AE60E1797E4E10073E93E /* Release */ = {
			isa = XCBuildConfiguration;
			buildSettings = {
				DSTROOT = /tmp/UMSocial.dst;
				FRAMEWORK_SEARCH_PATHS = (
					"$(inherited)",
					"\\\"$(SRCROOT)/UMSocial_Sdk_3.1/frameworks/TencentOpenAPI\\\"",
					"/Users/mani/pamakids/ane/ANE-UMengSocial/ios/UMSocial_Sdk_Extra_Frameworks/TencentOpenAPI",
					"$(PROJECT_DIR)/UMSocial_Sdk_Extra_Frameworks/TencentOpenAPI",
				);
				GCC_PRECOMPILE_PREFIX_HEADER = YES;
				GCC_PREFIX_HEADER = "UMSocial/UMSocial-Prefix.pch";
				IPHONEOS_DEPLOYMENT_TARGET = 4.3;
				LIBRARY_SEARCH_PATHS = (
					"$(inherited)",
					"\\\"$(SRCROOT)/../UMSocial_Sdk_2.2.1/frameworks/Wechat\\\"",
					"\\\"$(SRCROOT)/../UMSocial_Sdk_2.2.1\\\"",
					"\\\"$(SRCROOT)/UMSocial_Sdk_2.2.1/frameworks/Wechat\\\"",
					"\\\"$(SRCROOT)/UMSocial_Sdk_2.2.1\\\"",
					"\\\"$(SRCROOT)/UMSocial_Sdk_3.1/frameworks/Wechat\\\"",
					"\\\"$(SRCROOT)/UMSocial_Sdk_3.1\\\"",
					/Users/mani/Downloads/umeng_ios_social_sdk_3.3.5_custom/UMSocial_Sdk_Demo/UMSocial_Sdk_3.3.5,
					"/Users/mani/pamakids/ane/ANE-UMengSocial/ios/UMSocial_Sdk_Extra_Frameworks/Facebook",
					"/Users/mani/pamakids/ane/ANE-UMengSocial/ios/UMSocial_Sdk_Extra_Frameworks/Instagram",
					"/Users/mani/pamakids/ane/ANE-UMengSocial/ios/UMSocial_Sdk_Extra_Frameworks/LaiWang",
					"/Users/mani/pamakids/ane/ANE-UMengSocial/ios/UMSocial_Sdk_Extra_Frameworks/Twitter",
					"/Users/mani/pamakids/ane/ANE-UMengSocial/ios/UMSocial_Sdk_Extra_Frameworks/UMSocial_ScreenShot_Sdk",
					"/Users/mani/pamakids/ane/ANE-UMengSocial/ios/UMSocial_Sdk_Extra_Frameworks/UMSocial_Shake_Sdk",
					"/Users/mani/pamakids/ane/ANE-UMengSocial/ios/UMSocial_Sdk_Extra_Frameworks/Wechat",
					"/Users/mani/pamakids/ane/ANE-UMengSocial/ios/UMSocial_Sdk_Extra_Frameworks/YiXin",
					"/Users/mani/pamakids/ane/ANE-UMengSocial/ios/UMSocial_Sdk_3.3.5",
					"$(PROJECT_DIR)/UMSocial_Sdk_3.3.6",
					"$(PROJECT_DIR)/UMSocial_Sdk_Extra_Frameworks/Facebook",
					"$(PROJECT_DIR)/UMSocial_Sdk_Extra_Frameworks/Instagram",
					"$(PROJECT_DIR)/UMSocial_Sdk_Extra_Frameworks/LaiWang",
					"$(PROJECT_DIR)/UMSocial_Sdk_Extra_Frameworks/Twitter",
					"$(PROJECT_DIR)/UMSocial_Sdk_Extra_Frameworks/UMSocial_ScreenShot_Sdk",
					"$(PROJECT_DIR)/UMSocial_Sdk_Extra_Frameworks/UMSocial_Shake_Sdk",
					"$(PROJECT_DIR)/UMSocial_Sdk_Extra_Frameworks/Wechat",
					"$(PROJECT_DIR)/UMSocial_Sdk_Extra_Frameworks/YiXin",
					"$(PROJECT_DIR)/UMSocial_Sdk_Extra_Frameworks/Sina",
					"$(PROJECT_DIR)/UMSocial_Sdk_4.1",
					"$(PROJECT_DIR)/UMSocial_Sdk_Extra_Frameworks/TencentOpenAPI",
					"$(PROJECT_DIR)/UMSocial_Sdk_4.2",
				);
				New_Setting = "";
				OTHER_LDFLAGS = "-ObjC";
				PRODUCT_NAME = "$(TARGET_NAME)";
				SKIP_INSTALL = NO;
				TARGETED_DEVICE_FAMILY = "1,2";
			};
			name = Release;
		};
/* End XCBuildConfiguration section */

/* Begin XCConfigurationList section */
		3C7AE5F91797E4E10073E93E /* Build configuration list for PBXProject "UMSocial" */ = {
			isa = XCConfigurationList;
			buildConfigurations = (
				3C7AE60A1797E4E10073E93E /* Debug */,
				3C7AE60B1797E4E10073E93E /* Release */,
			);
			defaultConfigurationIsVisible = 0;
			defaultConfigurationName = Release;
		};
		3C7AE60C1797E4E10073E93E /* Build configuration list for PBXNativeTarget "UMSocial" */ = {
			isa = XCConfigurationList;
			buildConfigurations = (
				3C7AE60D1797E4E10073E93E /* Debug */,
				3C7AE60E1797E4E10073E93E /* Release */,
			);
			defaultConfigurationIsVisible = 0;
			defaultConfigurationName = Release;
		};
/* End XCConfigurationList section */
	};
	rootObject = 3C7AE5F61797E4E10073E93E /* Project object */;
}
